HomePath = "/home/zong/Workspace/kusionstack/newkpm/kpm/kcl.mod.lock"

[Dependencies]
  [Dependencies.Deps]
    [Dependencies.Deps.kcl1]
      Name = "kcl1"
      Version = ""
      Sum = "WVlFnh+ZiZUHegvShZKDfMd3Y8P3s60tASB+Con6goo="
      [Dependencies.Deps.kcl1.Source]
        [Dependencies.Deps.kcl1.Source.GitSource]
          Url = "https://github.com/zong-zhe/kcl1"
          Branch = ""
          Commit = ""
          Tag = ""
    [Dependencies.Deps.kcl2]
      Name = "kcl2"
      Version = ""
      Sum = "qGx9DRYbKIuefc/FfHF5DGsBnF3zBNdKFqGNuKGE9Co="
      [Dependencies.Deps.kcl2.Source]
        [Dependencies.Deps.kcl2.Source.GitSource]
          Url = "https://github.com/zong-zhe/kcl2"
          Branch = ""
          Commit = ""
          Tag = ""
    [Dependencies.Deps.kcl3]
      Name = "kcl3"
      Version = ""
      Sum = "CGuGIYqI/BUEGAhEWiIKiWuZRIvDJAdskmK6JVPIc9U="
      [Dependencies.Deps.kcl3.Source]
        [Dependencies.Deps.kcl3.Source.GitSource]
          Url = "https://github.com/zong-zhe/kcl3"
          Branch = ""
          Commit = ""
          Tag = ""
    [Dependencies.Deps.kcl4]
      Name = "kcl4"
      Version = ""
      Sum = "NqmKOTtczYRHeAkQMeGb1oVS7cxWwlo4XWbBq3j7aBQ="
      [Dependencies.Deps.kcl4.Source]
        [Dependencies.Deps.kcl4.Source.GitSource]
          Url = "https://github.com/zong-zhe/kcl4"
          Branch = ""
          Commit = ""
          Tag = ""
